<?xml version="1.0" encoding="utf-8"?>
<Project ToolsVersion="4.0" xmlns="http://schemas.microsoft.com/developer/msbuild/2003">
  <ItemGroup>
    <Filter Include="ソース ファイル">
      <UniqueIdentifier>{4FC737F1-C7A5-4376-A066-2A32D752A2FF}</UniqueIdentifier>
      <Extensions>cpp;c;cc;cxx;def;odl;idl;hpj;bat;asm;asmx</Extensions>
    </Filter>
    <Filter Include="ヘッダー ファイル">
      <UniqueIdentifier>{93995380-89BD-4b04-88EB-625FBE52EBFB}</UniqueIdentifier>
      <Extensions>h;hh;hpp;hxx;hm;inl;inc;xsd</Extensions>
    </Filter>
    <Filter Include="リソース ファイル">
      <UniqueIdentifier>{67DA6AB6-F800-4c08-8B7A-83BB121AAD01}</UniqueIdentifier>
      <Extensions>rc;ico;cur;bmp;dlg;rc2;rct;bin;rgs;gif;jpg;jpeg;jpe;resx;tiff;tif;png;wav;mfcribbon-ms</Extensions>
    </Filter>
    <Filter Include="Common">
      <UniqueIdentifier>{085cf2cb-4de6-4f43-9153-ec7572c99304}</UniqueIdentifier>
    </Filter>
    <Filter Include="Common\Header">
      <UniqueIdentifier>{ddbb8eb6-4be3-4d89-b3a0-7750dec1b526}</UniqueIdentifier>
    </Filter>
    <Filter Include="Common\Source">
      <UniqueIdentifier>{cdb9c5b4-0c14-4471-96f8-467310f56e1b}</UniqueIdentifier>
    </Filter>
    <Filter Include="Shader">
      <UniqueIdentifier>{469785e3-5814-45c7-97ab-9caeed206613}</UniqueIdentifier>
    </Filter>
  </ItemGroup>
  <ItemGroup>
    <None Include="shader\fragment.glsl">
      <Filter>Shader</Filter>
    </None>
    <None Include="shader\vertex.glsl">
      <Filter>Shader</Filter>
    </None>
  </ItemGroup>
  <ItemGroup>
    <ClCompile Include="..\common\src\objloader.cpp">
      <Filter>Common\Source</Filter>
    </ClCompile>
    <ClCompile Include="..\common\src\Shader.cpp">
      <Filter>Common\Source</Filter>
    </ClCompile>
    <ClCompile Include="OBJRenderer.cpp">
      <Filter>ソース ファイル</Filter>
    </ClCompile>
    <ClCompile Include="Texture.cpp">
      <Filter>ソース ファイル</Filter>
    </ClCompile>
  </ItemGroup>
  <ItemGroup>
    <ClInclude Include="..\common\inc\objloader.hpp">
      <Filter>Common\Header</Filter>
    </ClInclude>
    <ClInclude Include="..\common\inc\OpenGLHeader.h">
      <Filter>Common\Header</Filter>
    </ClInclude>
    <ClInclude Include="..\common\inc\Shader.h">
      <Filter>Common\Header</Filter>
    </ClInclude>
    <ClInclude Include="..\common\inc\OpenCVAdapter.hpp">
      <Filter>Common\Header</Filter>
    </ClInclude>
    <ClInclude Include="OBJRenderer.h">
      <Filter>ヘッダー ファイル</Filter>
    </ClInclude>
  </ItemGroup>
</Project>